
Microsoft Visual Studio Solution File, Format Version 12.00
# Visual Studio Version 17
VisualStudioVersion = 17.13.35825.156
MinimumVisualStudioVersion = 10.0.40219.1
Project("{FAE04EC0-301F-11D3-BF4B-00C04F79EFBC}") = "ZadElealm.Apis", "ZadElealm.Apis\ZadElealm.Apis.csproj", "{8FB66D13-5C31-4BC7-B3CE-D623034D6A6F}"
EndProject
Project("{FAE04EC0-301F-11D3-BF4B-00C04F79EFBC}") = "ZadElealm.Core", "ZadElealm.Core\ZadElealm.Core.csproj", "{85BF62AE-8FBB-4057-858D-B2BCEC7FCC28}"
EndProject
Project("{FAE04EC0-301F-11D3-BF4B-00C04F79EFBC}") = "ZadElealm.Repository", "ZadElealm.Repository\ZadElealm.Repository.csproj", "{907000CF-D633-4599-B452-5DF4D6A78AA8}"
EndProject
Project("{FAE04EC0-301F-11D3-BF4B-00C04F79EFBC}") = "ZadElealm.Service", "ZadElealm.Service\ZadElealm.Service.csproj", "{C63BD199-1227-4347-BF70-0ED4E356E61D}"
EndProject
Project("{FAE04EC0-301F-11D3-BF4B-00C04F79EFBC}") = "AdminDashboard", "AdminDashboard\AdminDashboard.csproj", "{9F8E73AC-EB97-428B-B041-D755ACEA9C58}"
EndProject
Global
	GlobalSection(SolutionConfigurationPlatforms) = preSolution
		Debug|Any CPU = Debug|Any CPU
		Release|Any CPU = Release|Any CPU
	EndGlobalSection
	GlobalSection(ProjectConfigurationPlatforms) = postSolution
		{8FB66D13-5C31-4BC7-B3CE-D623034D6A6F}.Debug|Any CPU.ActiveCfg = Debug|Any CPU
		{8FB66D13-5C31-4BC7-B3CE-D623034D6A6F}.Debug|Any CPU.Build.0 = Debug|Any CPU
		{8FB66D13-5C31-4BC7-B3CE-D623034D6A6F}.Release|Any CPU.ActiveCfg = Release|Any CPU
		{8FB66D13-5C31-4BC7-B3CE-D623034D6A6F}.Release|Any CPU.Build.0 = Release|Any CPU
		{85BF62AE-8FBB-4057-858D-B2BCEC7FCC28}.Debug|Any CPU.ActiveCfg = Debug|Any CPU
		{85BF62AE-8FBB-4057-858D-B2BCEC7FCC28}.Debug|Any CPU.Build.0 = Debug|Any CPU
		{85BF62AE-8FBB-4057-858D-B2BCEC7FCC28}.Release|Any CPU.ActiveCfg = Release|Any CPU
		{85BF62AE-8FBB-4057-858D-B2BCEC7FCC28}.Release|Any CPU.Build.0 = Release|Any CPU
		{907000CF-D633-4599-B452-5DF4D6A78AA8}.Debug|Any CPU.ActiveCfg = Debug|Any CPU
		{907000CF-D633-4599-B452-5DF4D6A78AA8}.Debug|Any CPU.Build.0 = Debug|Any CPU
		{907000CF-D633-4599-B452-5DF4D6A78AA8}.Release|Any CPU.ActiveCfg = Release|Any CPU
		{907000CF-D633-4599-B452-5DF4D6A78AA8}.Release|Any CPU.Build.0 = Release|Any CPU
		{C63BD199-1227-4347-BF70-0ED4E356E61D}.Debug|Any CPU.ActiveCfg = Debug|Any CPU
		{C63BD199-1227-4347-BF70-0ED4E356E61D}.Debug|Any CPU.Build.0 = Debug|Any CPU
		{C63BD199-1227-4347-BF70-0ED4E356E61D}.Release|Any CPU.ActiveCfg = Release|Any CPU
		{C63BD199-1227-4347-BF70-0ED4E356E61D}.Release|Any CPU.Build.0 = Release|Any CPU
		{9F8E73AC-EB97-428B-B041-D755ACEA9C58}.Debug|Any CPU.ActiveCfg = Debug|Any CPU
		{9F8E73AC-EB97-428B-B041-D755ACEA9C58}.Debug|Any CPU.Build.0 = Debug|Any CPU
		{9F8E73AC-EB97-428B-B041-D755ACEA9C58}.Release|Any CPU.ActiveCfg = Release|Any CPU
		{9F8E73AC-EB97-428B-B041-D755ACEA9C58}.Release|Any CPU.Build.0 = Release|Any CPU
	EndGlobalSection
	GlobalSection(SolutionProperties) = preSolution
		HideSolutionNode = FALSE
	EndGlobalSection
	GlobalSection(ExtensibilityGlobals) = postSolution
		SolutionGuid = {F8F6E11F-762C-4674-A7A4-7DB5B4FF1149}
	EndGlobalSection
EndGlobal
